
Microsoft Visual Studio Solution File, Format Version 12.00
# Visual Studio Version 16
VisualStudioVersion = 16.0.32602.291
MinimumVisualStudioVersion = 10.0.40219.1
Project("{FAE04EC0-301F-11D3-BF4B-00C04F79EFBC}") = "SupervisorProfileManager", "SupervisorProfileManager\SupervisorProfileManager.csproj", "{0DA1AB26-8749-4463-94F1-18A2D2F074B2}"
EndProject
Global
	GlobalSection(SolutionConfigurationPlatforms) = preSolution
		Debug|Any CPU = Debug|Any CPU
		Release|Any CPU = Release|Any CPU
	EndGlobalSection
	GlobalSection(ProjectConfigurationPlatforms) = postSolution
		{0DA1AB26-8749-4463-94F1-18A2D2F074B2}.Debug|Any CPU.ActiveCfg = Debug|Any CPU
		{0DA1AB26-8749-4463-94F1-18A2D2F074B2}.Debug|Any CPU.Build.0 = Debug|Any CPU
		{0DA1AB26-8749-4463-94F1-18A2D2F074B2}.Release|Any CPU.ActiveCfg = Release|Any CPU
		{0DA1AB26-8749-4463-94F1-18A2D2F074B2}.Release|Any CPU.Build.0 = Release|Any CPU
	EndGlobalSection
	GlobalSection(SolutionProperties) = preSolution
		HideSolutionNode = FALSE
	EndGlobalSection
	GlobalSection(ExtensibilityGlobals) = postSolution
		SolutionGuid = {A1D7A6E4-D259-4265-AAF9-9ADEB5285991}
	EndGlobalSection
EndGlobal
